
Microsoft Visual Studio Solution File, Format Version 12.00
# Visual Studio Version 17
VisualStudioVersion = 17.5.33627.172
MinimumVisualStudioVersion = 10.0.40219.1
Project("{9A19103F-16F7-4668-BE54-9A1E7A4F7556}") = "HappeningAt", "HappeningAt\HappeningAt.csproj", "{E054FBC0-CB9C-4F62-92D6-DE868566FE4F}"
EndProject
Global
	GlobalSection(SolutionConfigurationPlatforms) = preSolution
		Debug|Any CPU = Debug|Any CPU
		Release|Any CPU = Release|Any CPU
	EndGlobalSection
	GlobalSection(ProjectConfigurationPlatforms) = postSolution
		{E054FBC0-CB9C-4F62-92D6-DE868566FE4F}.Debug|Any CPU.ActiveCfg = Debug|Any CPU
		{E054FBC0-CB9C-4F62-92D6-DE868566FE4F}.Debug|Any CPU.Build.0 = Debug|Any CPU
		{E054FBC0-CB9C-4F62-92D6-DE868566FE4F}.Release|Any CPU.ActiveCfg = Release|Any CPU
		{E054FBC0-CB9C-4F62-92D6-DE868566FE4F}.Release|Any CPU.Build.0 = Release|Any CPU
	EndGlobalSection
	GlobalSection(SolutionProperties) = preSolution
		HideSolutionNode = FALSE
	EndGlobalSection
	GlobalSection(ExtensibilityGlobals) = postSolution
		SolutionGuid = {4D76C69E-4201-444B-9137-6E420D3868AD}
	EndGlobalSection
EndGlobal
